
Microsoft Visual Studio Solution File, Format Version 12.00
# Visual Studio Version 17
VisualStudioVersion = 17.6.33815.320
MinimumVisualStudioVersion = 10.0.40219.1
Project("{9A19103F-16F7-4668-BE54-9A1E7A4F7556}") = "ABCCProgram", "ABCCProgram\ABCCProgram.csproj", "{D99EB195-1291-4894-BB35-7E0D8567282F}"
EndProject
Project("{FAE04EC0-301F-11D3-BF4B-00C04F79EFBC}") = "FormularioABCC", "FormularioABCC\FormularioABCC.csproj", "{BB528CB5-72D3-4BEC-89F8-3B44F5E1AB02}"
EndProject
Global
	GlobalSection(SolutionConfigurationPlatforms) = preSolution
		Debug|Any CPU = Debug|Any CPU
		Release|Any CPU = Release|Any CPU
	EndGlobalSection
	GlobalSection(ProjectConfigurationPlatforms) = postSolution
		{D99EB195-1291-4894-BB35-7E0D8567282F}.Debug|Any CPU.ActiveCfg = Debug|Any CPU
		{D99EB195-1291-4894-BB35-7E0D8567282F}.Debug|Any CPU.Build.0 = Debug|Any CPU
		{D99EB195-1291-4894-BB35-7E0D8567282F}.Release|Any CPU.ActiveCfg = Release|Any CPU
		{D99EB195-1291-4894-BB35-7E0D8567282F}.Release|Any CPU.Build.0 = Release|Any CPU
		{BB528CB5-72D3-4BEC-89F8-3B44F5E1AB02}.Debug|Any CPU.ActiveCfg = Debug|Any CPU
		{BB528CB5-72D3-4BEC-89F8-3B44F5E1AB02}.Debug|Any CPU.Build.0 = Debug|Any CPU
		{BB528CB5-72D3-4BEC-89F8-3B44F5E1AB02}.Release|Any CPU.ActiveCfg = Release|Any CPU
		{BB528CB5-72D3-4BEC-89F8-3B44F5E1AB02}.Release|Any CPU.Build.0 = Release|Any CPU
	EndGlobalSection
	GlobalSection(SolutionProperties) = preSolution
		HideSolutionNode = FALSE
	EndGlobalSection
	GlobalSection(ExtensibilityGlobals) = postSolution
		SolutionGuid = {F61AB2B1-9CB0-4815-8C31-4E20A10A3B8C}
	EndGlobalSection
EndGlobal
